
Microsoft Visual Studio Solution File, Format Version 12.00
# Visual Studio 15
Project("{FAE04EC0-301F-11D3-BF4B-00C04F79EFBC}") = "testmvcdotnet", "testmvcdotnet\testmvcdotnet.csproj", "{BA965F24-F687-475A-89DE-A816F901E39D}"
EndProject
Global
	GlobalSection(SolutionConfigurationPlatforms) = preSolution
		Debug|Any CPU = Debug|Any CPU
		Release|Any CPU = Release|Any CPU
	EndGlobalSection
	GlobalSection(ProjectConfigurationPlatforms) = postSolution
		{BA965F24-F687-475A-89DE-A816F901E39D}.Debug|Any CPU.ActiveCfg = Debug|Any CPU
		{BA965F24-F687-475A-89DE-A816F901E39D}.Debug|Any CPU.Build.0 = Debug|Any CPU
		{BA965F24-F687-475A-89DE-A816F901E39D}.Release|Any CPU.ActiveCfg = Release|Any CPU
		{BA965F24-F687-475A-89DE-A816F901E39D}.Release|Any CPU.Build.0 = Release|Any CPU
	EndGlobalSection
EndGlobal
